
Microsoft Visual Studio Solution File, Format Version 12.00
# Visual Studio Version 17
VisualStudioVersion = 17.5.33530.505
MinimumVisualStudioVersion = 10.0.40219.1
Project("{FAE04EC0-301F-11D3-BF4B-00C04F79EFBC}") = "AgendaWeb.Presentation", "AgendaWeb.Presentation\AgendaWeb.Presentation.csproj", "{17E7E2D8-5A51-4C92-97C5-B8072B001113}"
EndProject
Global
	GlobalSection(SolutionConfigurationPlatforms) = preSolution
		Debug|Any CPU = Debug|Any CPU
		Release|Any CPU = Release|Any CPU
	EndGlobalSection
	GlobalSection(ProjectConfigurationPlatforms) = postSolution
		{17E7E2D8-5A51-4C92-97C5-B8072B001113}.Debug|Any CPU.ActiveCfg = Debug|Any CPU
		{17E7E2D8-5A51-4C92-97C5-B8072B001113}.Debug|Any CPU.Build.0 = Debug|Any CPU
		{17E7E2D8-5A51-4C92-97C5-B8072B001113}.Release|Any CPU.ActiveCfg = Release|Any CPU
		{17E7E2D8-5A51-4C92-97C5-B8072B001113}.Release|Any CPU.Build.0 = Release|Any CPU
	EndGlobalSection
	GlobalSection(SolutionProperties) = preSolution
		HideSolutionNode = FALSE
	EndGlobalSection
	GlobalSection(ExtensibilityGlobals) = postSolution
		SolutionGuid = {0BBBA147-3F85-4496-B02B-159B78E556FF}
	EndGlobalSection
EndGlobal
